
Microsoft Visual Studio Solution File, Format Version 12.00
# Visual Studio Version 17
VisualStudioVersion = 17.10.35013.160
MinimumVisualStudioVersion = 10.0.40219.1
Project("{FAE04EC0-301F-11D3-BF4B-00C04F79EFBC}") = "UsingFirebase", "UsingFirebase.csproj", "{7E5710BF-7036-4BB2-BB59-291EBF0D8D98}"
EndProject
Global
	GlobalSection(SolutionConfigurationPlatforms) = preSolution
		Debug|Any CPU = Debug|Any CPU
		Release|Any CPU = Release|Any CPU
	EndGlobalSection
	GlobalSection(ProjectConfigurationPlatforms) = postSolution
		{7E5710BF-7036-4BB2-BB59-291EBF0D8D98}.Debug|Any CPU.ActiveCfg = Debug|Any CPU
		{7E5710BF-7036-4BB2-BB59-291EBF0D8D98}.Debug|Any CPU.Build.0 = Debug|Any CPU
		{7E5710BF-7036-4BB2-BB59-291EBF0D8D98}.Release|Any CPU.ActiveCfg = Release|Any CPU
		{7E5710BF-7036-4BB2-BB59-291EBF0D8D98}.Release|Any CPU.Build.0 = Release|Any CPU
	EndGlobalSection
	GlobalSection(SolutionProperties) = preSolution
		HideSolutionNode = FALSE
	EndGlobalSection
	GlobalSection(ExtensibilityGlobals) = postSolution
		SolutionGuid = {83758637-2254-4819-A5C3-07010DFB4946}
	EndGlobalSection
EndGlobal
